// !$*UTF8*$!
{
	archiveVersion = 1;
	classes = {
	};
	objectVersion = 77;
	objects = {

/* Begin PBXBuildFile section */
		80A415152CFA4B2700AB08D3 /* Nuke in Frameworks */ = {isa = PBXBuildFile; productRef = 80A415142CFA4B2700AB08D3 /* Nuke */; };
		80A415172CFA4B2700AB08D3 /* NukeUI in Frameworks */ = {isa = PBXBuildFile; productRef = 80A415162CFA4B2700AB08D3 /* NukeUI */; };
		80BC67D02CFFC426006FB058 /* README.md in Resources */ = {isa = PBXBuildFile; fileRef = 80BC67CF2CFFC426006FB058 /* README.md */; };
/* End PBXBuildFile section */

/* Begin PBXContainerItemProxy section */
		80A414D62CF69F3B00AB08D3 /* PBXContainerItemProxy */ = {
			isa = PBXContainerItemProxy;
			containerPortal = 80A414BD2CF69F3900AB08D3 /* Project object */;
			proxyType = 1;
			remoteGlobalIDString = 80A414C42CF69F3900AB08D3;
			remoteInfo = FetchRewardsRecipes;
		};
		80A414E02CF69F3B00AB08D3 /* PBXContainerItemProxy */ = {
			isa = PBXContainerItemProxy;
			containerPortal = 80A414BD2CF69F3900AB08D3 /* Project object */;
			proxyType = 1;
			remoteGlobalIDString = 80A414C42CF69F3900AB08D3;
			remoteInfo = FetchRewardsRecipes;
		};
/* End PBXContainerItemProxy section */

/* Begin PBXFileReference section */
		80A414C52CF69F3900AB08D3 /* FetchRewardsRecipes.app */ = {isa = PBXFileReference; explicitFileType = wrapper.application; includeInIndex = 0; path = FetchRewardsRecipes.app; sourceTree = BUILT_PRODUCTS_DIR; };
		80A414D52CF69F3B00AB08D3 /* FetchRewardsRecipesTests.xctest */ = {isa = PBXFileReference; explicitFileType = wrapper.cfbundle; includeInIndex = 0; path = FetchRewardsRecipesTests.xctest; sourceTree = BUILT_PRODUCTS_DIR; };
		80A414DF2CF69F3B00AB08D3 /* FetchRewardsRecipesUITests.xctest */ = {isa = PBXFileReference; explicitFileType = wrapper.cfbundle; includeInIndex = 0; path = FetchRewardsRecipesUITests.xctest; sourceTree = BUILT_PRODUCTS_DIR; };
		80BC67CF2CFFC426006FB058 /* README.md */ = {isa = PBXFileReference; lastKnownFileType = net.daringfireball.markdown; path = README.md; sourceTree = "<group>"; };
/* End PBXFileReference section */

/* Begin PBXFileSystemSynchronizedRootGroup section */
		80A414C72CF69F3900AB08D3 /* FetchRewardsRecipes */ = {
			isa = PBXFileSystemSynchronizedRootGroup;
			path = FetchRewardsRecipes;
			sourceTree = "<group>";
		};
		80A414D82CF69F3B00AB08D3 /* FetchRewardsRecipesTests */ = {
			isa = PBXFileSystemSynchronizedRootGroup;
			path = FetchRewardsRecipesTests;
			sourceTree = "<group>";
		};
/* End PBXFileSystemSynchronizedRootGroup section */

/* Begin PBXFrameworksBuildPhase section */
		80A414C22CF69F3900AB08D3 /* Frameworks */ = {
			isa = PBXFrameworksBuildPhase;
			buildActionMask = 2147483647;
			files = (
				80A415152CFA4B2700AB08D3 /* Nuke in Frameworks */,
				80A415172CFA4B2700AB08D3 /* NukeUI in Frameworks */,
			);
			runOnlyForDeploymentPostprocessing = 0;
		};
		80A414D22CF69F3B00AB08D3 /* Frameworks */ = {
			isa = PBXFrameworksBuildPhase;
			buildActionMask = 2147483647;
			files = (
			);
			runOnlyForDeploymentPostprocessing = 0;
		};
		80A414DC2CF69F3B00AB08D3 /* Frameworks */ = {
			isa = PBXFrameworksBuildPhase;
			buildActionMask = 2147483647;
			files = (
			);
			runOnlyForDeploymentPostprocessing = 0;
		};
/* End PBXFrameworksBuildPhase section */

/* Begin PBXGroup section */
		80A414BC2CF69F3900AB08D3 = {
			isa = PBXGroup;
			children = (
				80BC67CF2CFFC426006FB058 /* README.md */,
				80A414C72CF69F3900AB08D3 /* FetchRewardsRecipes */,
				80A414D82CF69F3B00AB08D3 /* FetchRewardsRecipesTests */,
				80A414C62CF69F3900AB08D3 /* Products */,
			);
			sourceTree = "<group>";
		};
		80A414C62CF69F3900AB08D3 /* Products */ = {
			isa = PBXGroup;
			children = (
				80A414C52CF69F3900AB08D3 /* FetchRewardsRecipes.app */,
				80A414D52CF69F3B00AB08D3 /* FetchRewardsRecipesTests.xctest */,
				80A414DF2CF69F3B00AB08D3 /* FetchRewardsRecipesUITests.xctest */,
			);
			name = Products;
			sourceTree = "<group>";
		};
/* End PBXGroup section */

/* Begin PBXNativeTarget section */
		80A414C42CF69F3900AB08D3 /* FetchRewardsRecipes */ = {
			isa = PBXNativeTarget;
			buildConfigurationList = 80A414E92CF69F3B00AB08D3 /* Build configuration list for PBXNativeTarget "FetchRewardsRecipes" */;
			buildPhases = (
				80A414C12CF69F3900AB08D3 /* Sources */,
				80A414C22CF69F3900AB08D3 /* Frameworks */,
				80A414C32CF69F3900AB08D3 /* Resources */,
			);
			buildRules = (
			);
			dependencies = (
			);
			fileSystemSynchronizedGroups = (
				80A414C72CF69F3900AB08D3 /* FetchRewardsRecipes */,
			);
			name = FetchRewardsRecipes;
			packageProductDependencies = (
				80A415142CFA4B2700AB08D3 /* Nuke */,
				80A415162CFA4B2700AB08D3 /* NukeUI */,
			);
			productName = FetchRewardsRecipes;
			productReference = 80A414C52CF69F3900AB08D3 /* FetchRewardsRecipes.app */;
			productType = "com.apple.product-type.application";
		};
		80A414D42CF69F3B00AB08D3 /* FetchRewardsRecipesTests */ = {
			isa = PBXNativeTarget;
			buildConfigurationList = 80A414EC2CF69F3B00AB08D3 /* Build configuration list for PBXNativeTarget "FetchRewardsRecipesTests" */;
			buildPhases = (
				80A414D12CF69F3B00AB08D3 /* Sources */,
				80A414D22CF69F3B00AB08D3 /* Frameworks */,
				80A414D32CF69F3B00AB08D3 /* Resources */,
			);
			buildRules = (
			);
			dependencies = (
				80A414D72CF69F3B00AB08D3 /* PBXTargetDependency */,
			);
			fileSystemSynchronizedGroups = (
				80A414D82CF69F3B00AB08D3 /* FetchRewardsRecipesTests */,
			);
			name = FetchRewardsRecipesTests;
			packageProductDependencies = (
			);
			productName = FetchRewardsRecipesTests;
			productReference = 80A414D52CF69F3B00AB08D3 /* FetchRewardsRecipesTests.xctest */;
			productType = "com.apple.product-type.bundle.unit-test";
		};
		80A414DE2CF69F3B00AB08D3 /* FetchRewardsRecipesUITests */ = {
			isa = PBXNativeTarget;
			buildConfigurationList = 80A414EF2CF69F3B00AB08D3 /* Build configuration list for PBXNativeTarget "FetchRewardsRecipesUITests" */;
			buildPhases = (
				80A414DB2CF69F3B00AB08D3 /* Sources */,
				80A414DC2CF69F3B00AB08D3 /* Frameworks */,
				80A414DD2CF69F3B00AB08D3 /* Resources */,
			);
			buildRules = (
			);
			dependencies = (
				80A414E12CF69F3B00AB08D3 /* PBXTargetDependency */,
			);
			name = FetchRewardsRecipesUITests;
			packageProductDependencies = (
			);
			productName = FetchRewardsRecipesUITests;
			productReference = 80A414DF2CF69F3B00AB08D3 /* FetchRewardsRecipesUITests.xctest */;
			productType = "com.apple.product-type.bundle.ui-testing";
		};
/* End PBXNativeTarget section */

/* Begin PBXProject section */
		80A414BD2CF69F3900AB08D3 /* Project object */ = {
			isa = PBXProject;
			attributes = {
				BuildIndependentTargetsInParallel = 1;
				LastSwiftUpdateCheck = 1600;
				LastUpgradeCheck = 1600;
				TargetAttributes = {
					80A414C42CF69F3900AB08D3 = {
						CreatedOnToolsVersion = 16.0;
					};
					80A414D42CF69F3B00AB08D3 = {
						CreatedOnToolsVersion = 16.0;
						TestTargetID = 80A414C42CF69F3900AB08D3;
					};
					80A414DE2CF69F3B00AB08D3 = {
						CreatedOnToolsVersion = 16.0;
						TestTargetID = 80A414C42CF69F3900AB08D3;
					};
				};
			};
			buildConfigurationList = 80A414C02CF69F3900AB08D3 /* Build configuration list for PBXProject "FetchRewardsRecipes" */;
			developmentRegion = en;
			hasScannedForEncodings = 0;
			knownRegions = (
				en,
				Base,
			);
			mainGroup = 80A414BC2CF69F3900AB08D3;
			minimizedProjectReferenceProxies = 1;
			packageReferences = (
				80A415132CFA4B2700AB08D3 /* XCRemoteSwiftPackageReference "Nuke" */,
			);
			preferredProjectObjectVersion = 77;
			productRefGroup = 80A414C62CF69F3900AB08D3 /* Products */;
			projectDirPath = "";
			projectRoot = "";
			targets = (
				80A414C42CF69F3900AB08D3 /* FetchRewardsRecipes */,
				80A414D42CF69F3B00AB08D3 /* FetchRewardsRecipesTests */,
				80A414DE2CF69F3B00AB08D3 /* FetchRewardsRecipesUITests */,
			);
		};
/* End PBXProject section */

/* Begin PBXResourcesBuildPhase section */
		80A414C32CF69F3900AB08D3 /* Resources */ = {
			isa = PBXResourcesBuildPhase;
			buildActionMask = 2147483647;
			files = (
				80BC67D02CFFC426006FB058 /* README.md in Resources */,
			);
			runOnlyForDeploymentPostprocessing = 0;
		};
		80A414D32CF69F3B00AB08D3 /* Resources */ = {
			isa = PBXResourcesBuildPhase;
			buildActionMask = 2147483647;
			files = (
			);
			runOnlyForDeploymentPostprocessing = 0;
		};
		80A414DD2CF69F3B00AB08D3 /* Resources */ = {
			isa = PBXResourcesBuildPhase;
			buildActionMask = 2147483647;
			files = (
			);
			runOnlyForDeploymentPostprocessing = 0;
		};
/* End PBXResourcesBuildPhase section */

/* Begin PBXSourcesBuildPhase section */
		80A414C12CF69F3900AB08D3 /* Sources */ = {
			isa = PBXSourcesBuildPhase;
			buildActionMask = 2147483647;
			files = (
			);
			runOnlyForDeploymentPostprocessing = 0;
		};
		80A414D12CF69F3B00AB08D3 /* Sources */ = {
			isa = PBXSourcesBuildPhase;
			buildActionMask = 2147483647;
			files = (
			);
			runOnlyForDeploymentPostprocessing = 0;
		};
		80A414DB2CF69F3B00AB08D3 /* Sources */ = {
			isa = PBXSourcesBuildPhase;
			buildActionMask = 2147483647;
			files = (
			);
			runOnlyForDeploymentPostprocessing = 0;
		};
/* End PBXSourcesBuildPhase section */

/* Begin PBXTargetDependency section */
		80A414D72CF69F3B00AB08D3 /* PBXTargetDependency */ = {
			isa = PBXTargetDependency;
			target = 80A414C42CF69F3900AB08D3 /* FetchRewardsRecipes */;
			targetProxy = 80A414D62CF69F3B00AB08D3 /* PBXContainerItemProxy */;
		};
		80A414E12CF69F3B00AB08D3 /* PBXTargetDependency */ = {
			isa = PBXTargetDependency;
			target = 80A414C42CF69F3900AB08D3 /* FetchRewardsRecipes */;
			targetProxy = 80A414E02CF69F3B00AB08D3 /* PBXContainerItemProxy */;
		};
/* End PBXTargetDependency section */

/* Begin XCBuildConfiguration section */
		80A414E72CF69F3B00AB08D3 /* Debug */ = {
			isa = XCBuildConfiguration;
			buildSettings = {
				ALWAYS_SEARCH_USER_PATHS = NO;
				ASSETCATALOG_COMPILER_GENERATE_SWIFT_ASSET_SYMBOL_EXTENSIONS = YES;
				CLANG_ANALYZER_NONNULL = YES;
				CLANG_ANALYZER_NUMBER_OBJECT_CONVERSION = YES_AGGRESSIVE;
				CLANG_CXX_LANGUAGE_STANDARD = "gnu++20";
				CLANG_ENABLE_MODULES = YES;
				CLANG_ENABLE_OBJC_ARC = YES;
				CLANG_ENABLE_OBJC_WEAK = YES;
				CLANG_WARN_BLOCK_CAPTURE_AUTORELEASING = YES;
				CLANG_WARN_BOOL_CONVERSION = YES;
				CLANG_WARN_COMMA = YES;
				CLANG_WARN_CONSTANT_CONVERSION = YES;
				CLANG_WARN_DEPRECATED_OBJC_IMPLEMENTATIONS = YES;
				CLANG_WARN_DIRECT_OBJC_ISA_USAGE = YES_ERROR;
				CLANG_WARN_DOCUMENTATION_COMMENTS = YES;
				CLANG_WARN_EMPTY_BODY = YES;
				CLANG_WARN_ENUM_CONVERSION = YES;
				CLANG_WARN_INFINITE_RECURSION = YES;
				CLANG_WARN_INT_CONVERSION = YES;
				CLANG_WARN_NON_LITERAL_NULL_CONVERSION = YES;
				CLANG_WARN_OBJC_IMPLICIT_RETAIN_SELF = YES;
				CLANG_WARN_OBJC_LITERAL_CONVERSION = YES;
				CLANG_WARN_OBJC_ROOT_CLASS = YES_ERROR;
				CLANG_WARN_QUOTED_INCLUDE_IN_FRAMEWORK_HEADER = YES;
				CLANG_WARN_RANGE_LOOP_ANALYSIS = YES;
				CLANG_WARN_STRICT_PROTOTYPES = YES;
				CLANG_WARN_SUSPICIOUS_MOVE = YES;
				CLANG_WARN_UNGUARDED_AVAILABILITY = YES_AGGRESSIVE;
				CLANG_WARN_UNREACHABLE_CODE = YES;
				CLANG_WARN__DUPLICATE_METHOD_MATCH = YES;
				COPY_PHASE_STRIP = NO;
				DEBUG_INFORMATION_FORMAT = dwarf;
				ENABLE_STRICT_OBJC_MSGSEND = YES;
				ENABLE_TESTABILITY = YES;
				ENABLE_USER_SCRIPT_SANDBOXING = YES;
				GCC_C_LANGUAGE_STANDARD = gnu17;
				GCC_DYNAMIC_NO_PIC = NO;
				GCC_NO_COMMON_BLOCKS = YES;
				GCC_OPTIMIZATION_LEVEL = 0;
				GCC_PREPROCESSOR_DEFINITIONS = (
					"DEBUG=1",
					"$(inherited)",
				);
				GCC_WARN_64_TO_32_BIT_CONVERSION = YES;
				GCC_WARN_ABOUT_RETURN_TYPE = YES_ERROR;
				GCC_WARN_UNDECLARED_SELECTOR = YES;
				GCC_WARN_UNINITIALIZED_AUTOS = YES_AGGRESSIVE;
				GCC_WARN_UNUSED_FUNCTION = YES;
				GCC_WARN_UNUSED_VARIABLE = YES;
				IPHONEOS_DEPLOYMENT_TARGET = 18.0;
				LOCALIZATION_PREFERS_STRING_CATALOGS = YES;
				MTL_ENABLE_DEBUG_INFO = INCLUDE_SOURCE;
				MTL_FAST_MATH = YES;
				ONLY_ACTIVE_ARCH = YES;
				SDKROOT = iphoneos;
				SWIFT_ACTIVE_COMPILATION_CONDITIONS = "DEBUG $(inherited)";
				SWIFT_OPTIMIZATION_LEVEL = "-Onone";
			};
			name = Debug;
		};
		80A414E82CF69F3B00AB08D3 /* Release */ = {
			isa = XCBuildConfiguration;
			buildSettings = {
				ALWAYS_SEARCH_USER_PATHS = NO;
				ASSETCATALOG_COMPILER_GENERATE_SWIFT_ASSET_SYMBOL_EXTENSIONS = YES;
				CLANG_ANALYZER_NONNULL = YES;
				CLANG_ANALYZER_NUMBER_OBJECT_CONVERSION = YES_AGGRESSIVE;
				CLANG_CXX_LANGUAGE_STANDARD = "gnu++20";
				CLANG_ENABLE_MODULES = YES;
				CLANG_ENABLE_OBJC_ARC = YES;
				CLANG_ENABLE_OBJC_WEAK = YES;
				CLANG_WARN_BLOCK_CAPTURE_AUTORELEASING = YES;
				CLANG_WARN_BOOL_CONVERSION = YES;
				CLANG_WARN_COMMA = YES;
				CLANG_WARN_CONSTANT_CONVERSION = YES;
				CLANG_WARN_DEPRECATED_OBJC_IMPLEMENTATIONS = YES;
				CLANG_WARN_DIRECT_OBJC_ISA_USAGE = YES_ERROR;
				CLANG_WARN_DOCUMENTATION_COMMENTS = YES;
				CLANG_WARN_EMPTY_BODY = YES;
				CLANG_WARN_ENUM_CONVERSION = YES;
				CLANG_WARN_INFINITE_RECURSION = YES;
				CLANG_WARN_INT_CONVERSION = YES;
				CLANG_WARN_NON_LITERAL_NULL_CONVERSION = YES;
				CLANG_WARN_OBJC_IMPLICIT_RETAIN_SELF = YES;
				CLANG_WARN_OBJC_LITERAL_CONVERSION = YES;
				CLANG_WARN_OBJC_ROOT_CLASS = YES_ERROR;
				CLANG_WARN_QUOTED_INCLUDE_IN_FRAMEWORK_HEADER = YES;
				CLANG_WARN_RANGE_LOOP_ANALYSIS = YES;
				CLANG_WARN_STRICT_PROTOTYPES = YES;
				CLANG_WARN_SUSPICIOUS_MOVE = YES;
				CLANG_WARN_UNGUARDED_AVAILABILITY = YES_AGGRESSIVE;
				CLANG_WARN_UNREACHABLE_CODE = YES;
				CLANG_WARN__DUPLICATE_METHOD_MATCH = YES;
				COPY_PHASE_STRIP = NO;
				DEBUG_INFORMATION_FORMAT = "dwarf-with-dsym";
				ENABLE_NS_ASSERTIONS = NO;
				ENABLE_STRICT_OBJC_MSGSEND = YES;
				ENABLE_USER_SCRIPT_SANDBOXING = YES;
				GCC_C_LANGUAGE_STANDARD = gnu17;
				GCC_NO_COMMON_BLOCKS = YES;
				GCC_WARN_64_TO_32_BIT_CONVERSION = YES;
				GCC_WARN_ABOUT_RETURN_TYPE = YES_ERROR;
				GCC_WARN_UNDECLARED_SELECTOR = YES;
				GCC_WARN_UNINITIALIZED_AUTOS = YES_AGGRESSIVE;
				GCC_WARN_UNUSED_FUNCTION = YES;
				GCC_WARN_UNUSED_VARIABLE = YES;
				IPHONEOS_DEPLOYMENT_TARGET = 18.0;
				LOCALIZATION_PREFERS_STRING_CATALOGS = YES;
				MTL_ENABLE_DEBUG_INFO = NO;
				MTL_FAST_MATH = YES;
				SDKROOT = iphoneos;
				SWIFT_COMPILATION_MODE = wholemodule;
				VALIDATE_PRODUCT = YES;
			};
			name = Release;
		};
		80A414EA2CF69F3B00AB08D3 /* Debug */ = {
			isa = XCBuildConfiguration;
			buildSettings = {
				ASSETCATALOG_COMPILER_APPICON_NAME = AppIcon;
				ASSETCATALOG_COMPILER_GLOBAL_ACCENT_COLOR_NAME = AccentColor;
				CODE_SIGN_STYLE = Automatic;
				CURRENT_PROJECT_VERSION = 1;
				DEVELOPMENT_ASSET_PATHS = "\"FetchRewardsRecipes/Preview Content\"";
				DEVELOPMENT_TEAM = NDCVZP6L64;
				ENABLE_PREVIEWS = YES;
				GENERATE_INFOPLIST_FILE = YES;
				INFOPLIST_KEY_UIApplicationSceneManifest_Generation = YES;
				INFOPLIST_KEY_UIApplicationSupportsIndirectInputEvents = YES;
				INFOPLIST_KEY_UILaunchScreen_Generation = YES;
				INFOPLIST_KEY_UISupportedInterfaceOrientations_iPad = "UIInterfaceOrientationPortrait UIInterfaceOrientationPortraitUpsideDown UIInterfaceOrientationLandscapeLeft UIInterfaceOrientationLandscapeRight";
				INFOPLIST_KEY_UISupportedInterfaceOrientations_iPhone = "UIInterfaceOrientationPortrait UIInterfaceOrientationLandscapeLeft UIInterfaceOrientationLandscapeRight";
				IPHONEOS_DEPLOYMENT_TARGET = 17.6;
				LD_RUNPATH_SEARCH_PATHS = (
					"$(inherited)",
					"@executable_path/Frameworks",
				);
				MARKETING_VERSION = 1.0;
				PRODUCT_BUNDLE_IDENTIFIER = com.cstocker.FetchRewardsRecipes;
				PRODUCT_NAME = "$(TARGET_NAME)";
				SUPPORTED_PLATFORMS = "iphoneos iphonesimulator";
				SUPPORTS_MACCATALYST = NO;
				SUPPORTS_MAC_DESIGNED_FOR_IPHONE_IPAD = NO;
				SUPPORTS_XR_DESIGNED_FOR_IPHONE_IPAD = NO;
				SWIFT_EMIT_LOC_STRINGS = YES;
				SWIFT_VERSION = 5.0;
				TARGETED_DEVICE_FAMILY = 1;
			};
			name = Debug;
		};
		80A414EB2CF69F3B00AB08D3 /* Release */ = {
			isa = XCBuildConfiguration;
			buildSettings = {
				ASSETCATALOG_COMPILER_APPICON_NAME = AppIcon;
				ASSETCATALOG_COMPILER_GLOBAL_ACCENT_COLOR_NAME = AccentColor;
				CODE_SIGN_STYLE = Automatic;
				CURRENT_PROJECT_VERSION = 1;
				DEVELOPMENT_ASSET_PATHS = "\"FetchRewardsRecipes/Preview Content\"";
				DEVELOPMENT_TEAM = NDCVZP6L64;
				ENABLE_PREVIEWS = YES;
				GENERATE_INFOPLIST_FILE = YES;
				INFOPLIST_KEY_UIApplicationSceneManifest_Generation = YES;
				INFOPLIST_KEY_UIApplicationSupportsIndirectInputEvents = YES;
				INFOPLIST_KEY_UILaunchScreen_Generation = YES;
				INFOPLIST_KEY_UISupportedInterfaceOrientations_iPad = "UIInterfaceOrientationPortrait UIInterfaceOrientationPortraitUpsideDown UIInterfaceOrientationLandscapeLeft UIInterfaceOrientationLandscapeRight";
				INFOPLIST_KEY_UISupportedInterfaceOrientations_iPhone = "UIInterfaceOrientationPortrait UIInterfaceOrientationLandscapeLeft UIInterfaceOrientationLandscapeRight";
				IPHONEOS_DEPLOYMENT_TARGET = 17.6;
				LD_RUNPATH_SEARCH_PATHS = (
					"$(inherited)",
					"@executable_path/Frameworks",
				);
				MARKETING_VERSION = 1.0;
				PRODUCT_BUNDLE_IDENTIFIER = com.cstocker.FetchRewardsRecipes;
				PRODUCT_NAME = "$(TARGET_NAME)";
				SUPPORTED_PLATFORMS = "iphoneos iphonesimulator";
				SUPPORTS_MACCATALYST = NO;
				SUPPORTS_MAC_DESIGNED_FOR_IPHONE_IPAD = NO;
				SUPPORTS_XR_DESIGNED_FOR_IPHONE_IPAD = NO;
				SWIFT_EMIT_LOC_STRINGS = YES;
				SWIFT_VERSION = 5.0;
				TARGETED_DEVICE_FAMILY = 1;
			};
			name = Release;
		};
		80A414ED2CF69F3B00AB08D3 /* Debug */ = {
			isa = XCBuildConfiguration;
			buildSettings = {
				BUNDLE_LOADER = "$(TEST_HOST)";
				CODE_SIGN_STYLE = Automatic;
				CURRENT_PROJECT_VERSION = 1;
				DEVELOPMENT_TEAM = NDCVZP6L64;
				GENERATE_INFOPLIST_FILE = YES;
				IPHONEOS_DEPLOYMENT_TARGET = 17.6;
				MARKETING_VERSION = 1.0;
				PRODUCT_BUNDLE_IDENTIFIER = com.cstocker.FetchRewardsRecipesTests;
				PRODUCT_NAME = "$(TARGET_NAME)";
				SWIFT_EMIT_LOC_STRINGS = NO;
				SWIFT_VERSION = 5.0;
				TARGETED_DEVICE_FAMILY = "1,2";
				TEST_HOST = "$(BUILT_PRODUCTS_DIR)/FetchRewardsRecipes.app/$(BUNDLE_EXECUTABLE_FOLDER_PATH)/FetchRewardsRecipes";
			};
			name = Debug;
		};
		80A414EE2CF69F3B00AB08D3 /* Release */ = {
			isa = XCBuildConfiguration;
			buildSettings = {
				BUNDLE_LOADER = "$(TEST_HOST)";
				CODE_SIGN_STYLE = Automatic;
				CURRENT_PROJECT_VERSION = 1;
				DEVELOPMENT_TEAM = NDCVZP6L64;
				GENERATE_INFOPLIST_FILE = YES;
				IPHONEOS_DEPLOYMENT_TARGET = 17.6;
				MARKETING_VERSION = 1.0;
				PRODUCT_BUNDLE_IDENTIFIER = com.cstocker.FetchRewardsRecipesTests;
				PRODUCT_NAME = "$(TARGET_NAME)";
				SWIFT_EMIT_LOC_STRINGS = NO;
				SWIFT_VERSION = 5.0;
				TARGETED_DEVICE_FAMILY = "1,2";
				TEST_HOST = "$(BUILT_PRODUCTS_DIR)/FetchRewardsRecipes.app/$(BUNDLE_EXECUTABLE_FOLDER_PATH)/FetchRewardsRecipes";
			};
			name = Release;
		};
		80A414F02CF69F3B00AB08D3 /* Debug */ = {
			isa = XCBuildConfiguration;
			buildSettings = {
				CODE_SIGN_STYLE = Automatic;
				CURRENT_PROJECT_VERSION = 1;
				DEVELOPMENT_TEAM = NDCVZP6L64;
				GENERATE_INFOPLIST_FILE = YES;
				MARKETING_VERSION = 1.0;
				PRODUCT_BUNDLE_IDENTIFIER = com.cstocker.FetchRewardsRecipesUITests;
				PRODUCT_NAME = "$(TARGET_NAME)";
				SWIFT_EMIT_LOC_STRINGS = NO;
				SWIFT_VERSION = 5.0;
				TARGETED_DEVICE_FAMILY = "1,2";
				TEST_TARGET_NAME = FetchRewardsRecipes;
			};
			name = Debug;
		};
		80A414F12CF69F3B00AB08D3 /* Release */ = {
			isa = XCBuildConfiguration;
			buildSettings = {
				CODE_SIGN_STYLE = Automatic;
				CURRENT_PROJECT_VERSION = 1;
				DEVELOPMENT_TEAM = NDCVZP6L64;
				GENERATE_INFOPLIST_FILE = YES;
				MARKETING_VERSION = 1.0;
				PRODUCT_BUNDLE_IDENTIFIER = com.cstocker.FetchRewardsRecipesUITests;
				PRODUCT_NAME = "$(TARGET_NAME)";
				SWIFT_EMIT_LOC_STRINGS = NO;
				SWIFT_VERSION = 5.0;
				TARGETED_DEVICE_FAMILY = "1,2";
				TEST_TARGET_NAME = FetchRewardsRecipes;
			};
			name = Release;
		};
/* End XCBuildConfiguration section */

/* Begin XCConfigurationList section */
		80A414C02CF69F3900AB08D3 /* Build configuration list for PBXProject "FetchRewardsRecipes" */ = {
			isa = XCConfigurationList;
			buildConfigurations = (
				80A414E72CF69F3B00AB08D3 /* Debug */,
				80A414E82CF69F3B00AB08D3 /* Release */,
			);
			defaultConfigurationIsVisible = 0;
			defaultConfigurationName = Release;
		};
		80A414E92CF69F3B00AB08D3 /* Build configuration list for PBXNativeTarget "FetchRewardsRecipes" */ = {
			isa = XCConfigurationList;
			buildConfigurations = (
				80A414EA2CF69F3B00AB08D3 /* Debug */,
				80A414EB2CF69F3B00AB08D3 /* Release */,
			);
			defaultConfigurationIsVisible = 0;
			defaultConfigurationName = Release;
		};
		80A414EC2CF69F3B00AB08D3 /* Build configuration list for PBXNativeTarget "FetchRewardsRecipesTests" */ = {
			isa = XCConfigurationList;
			buildConfigurations = (
				80A414ED2CF69F3B00AB08D3 /* Debug */,
				80A414EE2CF69F3B00AB08D3 /* Release */,
			);
			defaultConfigurationIsVisible = 0;
			defaultConfigurationName = Release;
		};
		80A414EF2CF69F3B00AB08D3 /* Build configuration list for PBXNativeTarget "FetchRewardsRecipesUITests" */ = {
			isa = XCConfigurationList;
			buildConfigurations = (
				80A414F02CF69F3B00AB08D3 /* Debug */,
				80A414F12CF69F3B00AB08D3 /* Release */,
			);
			defaultConfigurationIsVisible = 0;
			defaultConfigurationName = Release;
		};
/* End XCConfigurationList section */

/* Begin XCRemoteSwiftPackageReference section */
		80A415132CFA4B2700AB08D3 /* XCRemoteSwiftPackageReference "Nuke" */ = {
			isa = XCRemoteSwiftPackageReference;
			repositoryURL = "https://github.com/kean/Nuke.git";
			requirement = {
				kind = upToNextMajorVersion;
				minimumVersion = 12.8.0;
			};
		};
/* End XCRemoteSwiftPackageReference section */

/* Begin XCSwiftPackageProductDependency section */
		80A415142CFA4B2700AB08D3 /* Nuke */ = {
			isa = XCSwiftPackageProductDependency;
			package = 80A415132CFA4B2700AB08D3 /* XCRemoteSwiftPackageReference "Nuke" */;
			productName = Nuke;
		};
		80A415162CFA4B2700AB08D3 /* NukeUI */ = {
			isa = XCSwiftPackageProductDependency;
			package = 80A415132CFA4B2700AB08D3 /* XCRemoteSwiftPackageReference "Nuke" */;
			productName = NukeUI;
		};
/* End XCSwiftPackageProductDependency section */
	};
	rootObject = 80A414BD2CF69F3900AB08D3 /* Project object */;
}
